
Microsoft Visual Studio Solution File, Format Version 12.00
# Visual Studio Version 17
VisualStudioVersion = 17.10.34916.146
MinimumVisualStudioVersion = 10.0.40219.1
Project("{2150E333-8FDC-42A3-9474-1A3956D46DE8}") = "src", "src", "{3F7C876B-B197-4FDF-8376-A85FCA000AA9}"
EndProject
Project("{2150E333-8FDC-42A3-9474-1A3956D46DE8}") = "Core", "Core", "{35CEF163-3755-4B7B-BE3B-9A25E05BCFBC}"
EndProject
Project("{9A19103F-16F7-4668-BE54-9A1E7A4F7556}") = "Domain", "src\Domain\Domain.csproj", "{C0171DC3-7004-4B38-9FAC-1AF9114115AC}"
EndProject
Project("{9A19103F-16F7-4668-BE54-9A1E7A4F7556}") = "Application", "src\Application\Application.csproj", "{CDDD4B97-C40D-4381-BC10-27B188FD7DD6}"
EndProject
Project("{9A19103F-16F7-4668-BE54-9A1E7A4F7556}") = "Infrastructure", "src\Infrastructure\Infrastructure.csproj", "{2D1A3D01-A8D4-4C76-B159-40137B59CE9C}"
EndProject
Project("{9A19103F-16F7-4668-BE54-9A1E7A4F7556}") = "Persistence", "src\Persistence\Persistence.csproj", "{724AFBF5-25C0-40F5-ADF8-415CE08338C3}"
EndProject
Project("{9A19103F-16F7-4668-BE54-9A1E7A4F7556}") = "WebAPI", "src\WebAPI\WebAPI.csproj", "{FDD10823-3EB5-4E0A-B1FD-1EE0CDF76EE5}"
EndProject
Project("{9A19103F-16F7-4668-BE54-9A1E7A4F7556}") = "Core.Application", "src\Core\Core.Application\Core.Application.csproj", "{46CA96A0-B007-4A2F-9C01-5B5A060E20EB}"
EndProject
Project("{9A19103F-16F7-4668-BE54-9A1E7A4F7556}") = "Core.CrossCuttingConcerns", "src\Core\Core.CrossCuttingConcerns\Core.CrossCuttingConcerns.csproj", "{ECB1B164-A2D9-4619-80C1-D2F0CF264DE1}"
EndProject
Project("{9A19103F-16F7-4668-BE54-9A1E7A4F7556}") = "Core.Helper", "src\Core\Core.Helper\Core.Helper.csproj", "{7919CB84-CB2D-439B-86D3-873144D9D034}"
EndProject
Project("{9A19103F-16F7-4668-BE54-9A1E7A4F7556}") = "Core.Mailing", "src\Core\Core.Mailing\Core.Mailing.csproj", "{0E245F1A-AF64-4370-8DE7-5D81A9FF0895}"
EndProject
Project("{9A19103F-16F7-4668-BE54-9A1E7A4F7556}") = "Core.Persistence", "src\Core\Core.Persistence\Core.Persistence.csproj", "{23481EAC-B930-4B5D-B0EC-C7E3E6BE8C0E}"
EndProject
Project("{9A19103F-16F7-4668-BE54-9A1E7A4F7556}") = "Core.Security", "src\Core\Core.Security\Core.Security.csproj", "{7FEADD45-ECE0-4058-B94D-2F28D8B8A4A4}"
EndProject
Project("{9A19103F-16F7-4668-BE54-9A1E7A4F7556}") = "Core.WebAPI", "src\Core\Core.WebAPI\Core.WebAPI.csproj", "{0A7CC4F3-EB6E-4747-94FC-80F81C72C819}"
EndProject
Project("{9A19103F-16F7-4668-BE54-9A1E7A4F7556}") = "Core.Test", "src\Core\Core.Test\Core.Test.csproj", "{2F96F01D-201F-4EDD-95E9-8BCAC773AD07}"
EndProject
Project("{2150E333-8FDC-42A3-9474-1A3956D46DE8}") = "Solution Items", "Solution Items", "{CCF85C42-3D95-4BEA-AF8F-1D8130D75055}"
	ProjectSection(SolutionItems) = preProject
		.editorconfig = .editorconfig
	EndProjectSection
EndProject
Project("{FAE04EC0-301F-11D3-BF4B-00C04F79EFBC}") = "SmartVisitServer.Web", "SmartVisitServer.Web\SmartVisitServer.Web.csproj", "{BC1BC366-4280-4F4A-8D67-27F6B4F7094C}"
EndProject
Global
	GlobalSection(SolutionConfigurationPlatforms) = preSolution
		Debug|Any CPU = Debug|Any CPU
		Release|Any CPU = Release|Any CPU
	EndGlobalSection
	GlobalSection(ProjectConfigurationPlatforms) = postSolution
		{C0171DC3-7004-4B38-9FAC-1AF9114115AC}.Debug|Any CPU.ActiveCfg = Debug|Any CPU
		{C0171DC3-7004-4B38-9FAC-1AF9114115AC}.Debug|Any CPU.Build.0 = Debug|Any CPU
		{C0171DC3-7004-4B38-9FAC-1AF9114115AC}.Release|Any CPU.ActiveCfg = Release|Any CPU
		{C0171DC3-7004-4B38-9FAC-1AF9114115AC}.Release|Any CPU.Build.0 = Release|Any CPU
		{CDDD4B97-C40D-4381-BC10-27B188FD7DD6}.Debug|Any CPU.ActiveCfg = Debug|Any CPU
		{CDDD4B97-C40D-4381-BC10-27B188FD7DD6}.Debug|Any CPU.Build.0 = Debug|Any CPU
		{CDDD4B97-C40D-4381-BC10-27B188FD7DD6}.Release|Any CPU.ActiveCfg = Release|Any CPU
		{CDDD4B97-C40D-4381-BC10-27B188FD7DD6}.Release|Any CPU.Build.0 = Release|Any CPU
		{2D1A3D01-A8D4-4C76-B159-40137B59CE9C}.Debug|Any CPU.ActiveCfg = Debug|Any CPU
		{2D1A3D01-A8D4-4C76-B159-40137B59CE9C}.Debug|Any CPU.Build.0 = Debug|Any CPU
		{2D1A3D01-A8D4-4C76-B159-40137B59CE9C}.Release|Any CPU.ActiveCfg = Release|Any CPU
		{2D1A3D01-A8D4-4C76-B159-40137B59CE9C}.Release|Any CPU.Build.0 = Release|Any CPU
		{724AFBF5-25C0-40F5-ADF8-415CE08338C3}.Debug|Any CPU.ActiveCfg = Debug|Any CPU
		{724AFBF5-25C0-40F5-ADF8-415CE08338C3}.Debug|Any CPU.Build.0 = Debug|Any CPU
		{724AFBF5-25C0-40F5-ADF8-415CE08338C3}.Release|Any CPU.ActiveCfg = Release|Any CPU
		{724AFBF5-25C0-40F5-ADF8-415CE08338C3}.Release|Any CPU.Build.0 = Release|Any CPU
		{FDD10823-3EB5-4E0A-B1FD-1EE0CDF76EE5}.Debug|Any CPU.ActiveCfg = Debug|Any CPU
		{FDD10823-3EB5-4E0A-B1FD-1EE0CDF76EE5}.Debug|Any CPU.Build.0 = Debug|Any CPU
		{FDD10823-3EB5-4E0A-B1FD-1EE0CDF76EE5}.Release|Any CPU.ActiveCfg = Release|Any CPU
		{FDD10823-3EB5-4E0A-B1FD-1EE0CDF76EE5}.Release|Any CPU.Build.0 = Release|Any CPU
		{46CA96A0-B007-4A2F-9C01-5B5A060E20EB}.Debug|Any CPU.ActiveCfg = Debug|Any CPU
		{46CA96A0-B007-4A2F-9C01-5B5A060E20EB}.Debug|Any CPU.Build.0 = Debug|Any CPU
		{46CA96A0-B007-4A2F-9C01-5B5A060E20EB}.Release|Any CPU.ActiveCfg = Release|Any CPU
		{46CA96A0-B007-4A2F-9C01-5B5A060E20EB}.Release|Any CPU.Build.0 = Release|Any CPU
		{ECB1B164-A2D9-4619-80C1-D2F0CF264DE1}.Debug|Any CPU.ActiveCfg = Debug|Any CPU
		{ECB1B164-A2D9-4619-80C1-D2F0CF264DE1}.Debug|Any CPU.Build.0 = Debug|Any CPU
		{ECB1B164-A2D9-4619-80C1-D2F0CF264DE1}.Release|Any CPU.ActiveCfg = Release|Any CPU
		{ECB1B164-A2D9-4619-80C1-D2F0CF264DE1}.Release|Any CPU.Build.0 = Release|Any CPU
		{7919CB84-CB2D-439B-86D3-873144D9D034}.Debug|Any CPU.ActiveCfg = Debug|Any CPU
		{7919CB84-CB2D-439B-86D3-873144D9D034}.Debug|Any CPU.Build.0 = Debug|Any CPU
		{7919CB84-CB2D-439B-86D3-873144D9D034}.Release|Any CPU.ActiveCfg = Release|Any CPU
		{7919CB84-CB2D-439B-86D3-873144D9D034}.Release|Any CPU.Build.0 = Release|Any CPU
		{0E245F1A-AF64-4370-8DE7-5D81A9FF0895}.Debug|Any CPU.ActiveCfg = Debug|Any CPU
		{0E245F1A-AF64-4370-8DE7-5D81A9FF0895}.Debug|Any CPU.Build.0 = Debug|Any CPU
		{0E245F1A-AF64-4370-8DE7-5D81A9FF0895}.Release|Any CPU.ActiveCfg = Release|Any CPU
		{0E245F1A-AF64-4370-8DE7-5D81A9FF0895}.Release|Any CPU.Build.0 = Release|Any CPU
		{23481EAC-B930-4B5D-B0EC-C7E3E6BE8C0E}.Debug|Any CPU.ActiveCfg = Debug|Any CPU
		{23481EAC-B930-4B5D-B0EC-C7E3E6BE8C0E}.Debug|Any CPU.Build.0 = Debug|Any CPU
		{23481EAC-B930-4B5D-B0EC-C7E3E6BE8C0E}.Release|Any CPU.ActiveCfg = Release|Any CPU
		{23481EAC-B930-4B5D-B0EC-C7E3E6BE8C0E}.Release|Any CPU.Build.0 = Release|Any CPU
		{7FEADD45-ECE0-4058-B94D-2F28D8B8A4A4}.Debug|Any CPU.ActiveCfg = Debug|Any CPU
		{7FEADD45-ECE0-4058-B94D-2F28D8B8A4A4}.Debug|Any CPU.Build.0 = Debug|Any CPU
		{7FEADD45-ECE0-4058-B94D-2F28D8B8A4A4}.Release|Any CPU.ActiveCfg = Release|Any CPU
		{7FEADD45-ECE0-4058-B94D-2F28D8B8A4A4}.Release|Any CPU.Build.0 = Release|Any CPU
		{0A7CC4F3-EB6E-4747-94FC-80F81C72C819}.Debug|Any CPU.ActiveCfg = Debug|Any CPU
		{0A7CC4F3-EB6E-4747-94FC-80F81C72C819}.Debug|Any CPU.Build.0 = Debug|Any CPU
		{0A7CC4F3-EB6E-4747-94FC-80F81C72C819}.Release|Any CPU.ActiveCfg = Release|Any CPU
		{0A7CC4F3-EB6E-4747-94FC-80F81C72C819}.Release|Any CPU.Build.0 = Release|Any CPU
		{2F96F01D-201F-4EDD-95E9-8BCAC773AD07}.Debug|Any CPU.ActiveCfg = Debug|Any CPU
		{2F96F01D-201F-4EDD-95E9-8BCAC773AD07}.Debug|Any CPU.Build.0 = Debug|Any CPU
		{2F96F01D-201F-4EDD-95E9-8BCAC773AD07}.Release|Any CPU.ActiveCfg = Release|Any CPU
		{2F96F01D-201F-4EDD-95E9-8BCAC773AD07}.Release|Any CPU.Build.0 = Release|Any CPU
		{BC1BC366-4280-4F4A-8D67-27F6B4F7094C}.Debug|Any CPU.ActiveCfg = Debug|Any CPU
		{BC1BC366-4280-4F4A-8D67-27F6B4F7094C}.Debug|Any CPU.Build.0 = Debug|Any CPU
		{BC1BC366-4280-4F4A-8D67-27F6B4F7094C}.Release|Any CPU.ActiveCfg = Release|Any CPU
		{BC1BC366-4280-4F4A-8D67-27F6B4F7094C}.Release|Any CPU.Build.0 = Release|Any CPU
	EndGlobalSection
	GlobalSection(SolutionProperties) = preSolution
		HideSolutionNode = FALSE
	EndGlobalSection
	GlobalSection(NestedProjects) = preSolution
		{35CEF163-3755-4B7B-BE3B-9A25E05BCFBC} = {3F7C876B-B197-4FDF-8376-A85FCA000AA9}
		{C0171DC3-7004-4B38-9FAC-1AF9114115AC} = {3F7C876B-B197-4FDF-8376-A85FCA000AA9}
		{CDDD4B97-C40D-4381-BC10-27B188FD7DD6} = {3F7C876B-B197-4FDF-8376-A85FCA000AA9}
		{2D1A3D01-A8D4-4C76-B159-40137B59CE9C} = {3F7C876B-B197-4FDF-8376-A85FCA000AA9}
		{724AFBF5-25C0-40F5-ADF8-415CE08338C3} = {3F7C876B-B197-4FDF-8376-A85FCA000AA9}
		{FDD10823-3EB5-4E0A-B1FD-1EE0CDF76EE5} = {3F7C876B-B197-4FDF-8376-A85FCA000AA9}
		{46CA96A0-B007-4A2F-9C01-5B5A060E20EB} = {35CEF163-3755-4B7B-BE3B-9A25E05BCFBC}
		{ECB1B164-A2D9-4619-80C1-D2F0CF264DE1} = {35CEF163-3755-4B7B-BE3B-9A25E05BCFBC}
		{7919CB84-CB2D-439B-86D3-873144D9D034} = {35CEF163-3755-4B7B-BE3B-9A25E05BCFBC}
		{0E245F1A-AF64-4370-8DE7-5D81A9FF0895} = {35CEF163-3755-4B7B-BE3B-9A25E05BCFBC}
		{23481EAC-B930-4B5D-B0EC-C7E3E6BE8C0E} = {35CEF163-3755-4B7B-BE3B-9A25E05BCFBC}
		{7FEADD45-ECE0-4058-B94D-2F28D8B8A4A4} = {35CEF163-3755-4B7B-BE3B-9A25E05BCFBC}
		{0A7CC4F3-EB6E-4747-94FC-80F81C72C819} = {35CEF163-3755-4B7B-BE3B-9A25E05BCFBC}
		{2F96F01D-201F-4EDD-95E9-8BCAC773AD07} = {35CEF163-3755-4B7B-BE3B-9A25E05BCFBC}
	EndGlobalSection
	GlobalSection(ExtensibilityGlobals) = postSolution
		SolutionGuid = {7B0DE375-CEE7-46C2-B461-8867D7E77B71}
	EndGlobalSection
EndGlobal
